# This file is autogenerated, do not edit; changes may be undone by the next 'dep ensure'.


[[projects]]
  name = "github.com/chzyer/readline"
  packages = ["."]
  revision = "62c6fe6193755f722b8b8788aa7357be55a50ff1"
  version = "v1.4"

[[projects]]
  branch = "master"
  name = "github.com/soudy/mathcat"
  packages = ["."]
  revision = "dcb5f0265d1ca3711491ede5a026b86fa3db12e6"

[solve-meta]
  analyzer-name = "dep"
  analyzer-version = 1
  inputs-digest = "d16d624f6f37b4f11fbeff88a7ffd082d30ecf78efc0f0919907c0e76acf9c3b"
  solver-name = "gps-cdcl"
  solver-version = 1
